
Microsoft Visual Studio Solution File, Format Version 11.00
# Visual Studio 2010
Project("{FAE04EC0-301F-11D3-BF4B-00C04F79EFBC}") = "Assembly-CSharp-firstpass", "Assembly-CSharp-firstpass.csproj", "{910853e5-2340-04ed-be64-becb8d995feb}"
EndProject
Project("{FAE04EC0-301F-11D3-BF4B-00C04F79EFBC}") = "Assembly-CSharp", "Assembly-CSharp.csproj", "{a6c399e2-9c88-fcd8-ec90-e43d2b980b31}"
EndProject
Project("{FAE04EC0-301F-11D3-BF4B-00C04F79EFBC}") = "Assembly-CSharp-Editor-firstpass", "Assembly-CSharp-Editor-firstpass.csproj", "{4402df26-569f-6e21-eae1-97b4cc70329c}"
EndProject
Global
	GlobalSection(SolutionConfigurationPlatforms) = preSolution
		Debug|Any CPU = Debug|Any CPU
		Release|Any CPU = Release|Any CPU
	EndGlobalSection
	GlobalSection(ProjectConfigurationPlatforms) = postSolution
		{910853e5-2340-04ed-be64-becb8d995feb}.Debug|Any CPU.ActiveCfg = Debug|Any CPU
		{910853e5-2340-04ed-be64-becb8d995feb}.Debug|Any CPU.Build.0 = Debug|Any CPU
		{910853e5-2340-04ed-be64-becb8d995feb}.Release|Any CPU.ActiveCfg = Release|Any CPU
		{910853e5-2340-04ed-be64-becb8d995feb}.Release|Any CPU.Build.0 = Release|Any CPU
		{a6c399e2-9c88-fcd8-ec90-e43d2b980b31}.Debug|Any CPU.ActiveCfg = Debug|Any CPU
		{a6c399e2-9c88-fcd8-ec90-e43d2b980b31}.Debug|Any CPU.Build.0 = Debug|Any CPU
		{a6c399e2-9c88-fcd8-ec90-e43d2b980b31}.Release|Any CPU.ActiveCfg = Release|Any CPU
		{a6c399e2-9c88-fcd8-ec90-e43d2b980b31}.Release|Any CPU.Build.0 = Release|Any CPU
		{4402df26-569f-6e21-eae1-97b4cc70329c}.Debug|Any CPU.ActiveCfg = Debug|Any CPU
		{4402df26-569f-6e21-eae1-97b4cc70329c}.Debug|Any CPU.Build.0 = Debug|Any CPU
		{4402df26-569f-6e21-eae1-97b4cc70329c}.Release|Any CPU.ActiveCfg = Release|Any CPU
		{4402df26-569f-6e21-eae1-97b4cc70329c}.Release|Any CPU.Build.0 = Release|Any CPU
	EndGlobalSection
	GlobalSection(SolutionProperties) = preSolution
		HideSolutionNode = FALSE
	EndGlobalSection
EndGlobal
